
Microsoft Visual Studio Solution File, Format Version 12.00
# Visual Studio Version 17
VisualStudioVersion = 17.0.31912.275
MinimumVisualStudioVersion = 10.0.40219.1
Project("{FAE04EC0-301F-11D3-BF4B-00C04F79EFBC}") = "Model", "Model\Model.csproj", "{CF2176E1-A3FD-4C8E-A3AD-CC457FEA8EF2}"
EndProject
Project("{FAE04EC0-301F-11D3-BF4B-00C04F79EFBC}") = "BLL", "BLL\BLL.csproj", "{ABBD8B4C-BC5E-4284-A61E-1583F3EDD1AD}"
EndProject
Project("{FAE04EC0-301F-11D3-BF4B-00C04F79EFBC}") = "SQLDAL", "SQLDAL\SQLDAL.csproj", "{2466733E-D3D4-478D-BEAF-2BF6DA31B86B}"
EndProject
Project("{FAE04EC0-301F-11D3-BF4B-00C04F79EFBC}") = "From", "From\From.csproj", "{CF8D24A4-B37D-46AA-B71F-65ABC3313247}"
EndProject
Global
	GlobalSection(SolutionConfigurationPlatforms) = preSolution
		Debug|Any CPU = Debug|Any CPU
		Release|Any CPU = Release|Any CPU
	EndGlobalSection
	GlobalSection(ProjectConfigurationPlatforms) = postSolution
		{CF2176E1-A3FD-4C8E-A3AD-CC457FEA8EF2}.Debug|Any CPU.ActiveCfg = Debug|Any CPU
		{CF2176E1-A3FD-4C8E-A3AD-CC457FEA8EF2}.Debug|Any CPU.Build.0 = Debug|Any CPU
		{CF2176E1-A3FD-4C8E-A3AD-CC457FEA8EF2}.Release|Any CPU.ActiveCfg = Release|Any CPU
		{CF2176E1-A3FD-4C8E-A3AD-CC457FEA8EF2}.Release|Any CPU.Build.0 = Release|Any CPU
		{ABBD8B4C-BC5E-4284-A61E-1583F3EDD1AD}.Debug|Any CPU.ActiveCfg = Debug|Any CPU
		{ABBD8B4C-BC5E-4284-A61E-1583F3EDD1AD}.Debug|Any CPU.Build.0 = Debug|Any CPU
		{ABBD8B4C-BC5E-4284-A61E-1583F3EDD1AD}.Release|Any CPU.ActiveCfg = Release|Any CPU
		{ABBD8B4C-BC5E-4284-A61E-1583F3EDD1AD}.Release|Any CPU.Build.0 = Release|Any CPU
		{2466733E-D3D4-478D-BEAF-2BF6DA31B86B}.Debug|Any CPU.ActiveCfg = Debug|Any CPU
		{2466733E-D3D4-478D-BEAF-2BF6DA31B86B}.Debug|Any CPU.Build.0 = Debug|Any CPU
		{2466733E-D3D4-478D-BEAF-2BF6DA31B86B}.Release|Any CPU.ActiveCfg = Release|Any CPU
		{2466733E-D3D4-478D-BEAF-2BF6DA31B86B}.Release|Any CPU.Build.0 = Release|Any CPU
		{CF8D24A4-B37D-46AA-B71F-65ABC3313247}.Debug|Any CPU.ActiveCfg = Debug|Any CPU
		{CF8D24A4-B37D-46AA-B71F-65ABC3313247}.Debug|Any CPU.Build.0 = Debug|Any CPU
		{CF8D24A4-B37D-46AA-B71F-65ABC3313247}.Release|Any CPU.ActiveCfg = Release|Any CPU
		{CF8D24A4-B37D-46AA-B71F-65ABC3313247}.Release|Any CPU.Build.0 = Release|Any CPU
	EndGlobalSection
	GlobalSection(SolutionProperties) = preSolution
		HideSolutionNode = FALSE
	EndGlobalSection
	GlobalSection(ExtensibilityGlobals) = postSolution
		SolutionGuid = {5CAEAE0F-FF7F-433B-A247-A88CAB23AEC4}
	EndGlobalSection
EndGlobal
